// !$*UTF8*$!
{
	archiveVersion = 1;
	classes = {
	};
	objectVersion = 56;
	objects = {

/* Begin PBXBuildFile section */
		014A98B58EB3CC15CF589D2B /* Pods_prueba_ceiba_prueba_ceibaUITests.framework in Frameworks */ = {isa = PBXBuildFile; fileRef = 0BDA1434603079DE907C369A /* Pods_prueba_ceiba_prueba_ceibaUITests.framework */; };
		050367B03176794C7B68C888 /* Pods_prueba_ceiba.framework in Frameworks */ = {isa = PBXBuildFile; fileRef = C19D8B4A08347C5E347226F5 /* Pods_prueba_ceiba.framework */; };
		4C1D8FFC296BE47D0034B463 /* DetailView.swift in Sources */ = {isa = PBXBuildFile; fileRef = 4C1D8FFB296BE47D0034B463 /* DetailView.swift */; };
		4C1D8FFE296BE55A0034B463 /* ItemPostView.swift in Sources */ = {isa = PBXBuildFile; fileRef = 4C1D8FFD296BE55A0034B463 /* ItemPostView.swift */; };
		4C1D9000296BE5C60034B463 /* PostModel.swift in Sources */ = {isa = PBXBuildFile; fileRef = 4C1D8FFF296BE5C60034B463 /* PostModel.swift */; };
		4C1D9003296BE6010034B463 /* GetPostsRequest.swift in Sources */ = {isa = PBXBuildFile; fileRef = 4C1D9002296BE6010034B463 /* GetPostsRequest.swift */; };
		4C1D9005296BE6330034B463 /* GetPostResponse.swift in Sources */ = {isa = PBXBuildFile; fileRef = 4C1D9004296BE6330034B463 /* GetPostResponse.swift */; };
		4C1D9007296BE7F20034B463 /* PostRepository.swift in Sources */ = {isa = PBXBuildFile; fileRef = 4C1D9006296BE7F20034B463 /* PostRepository.swift */; };
		4C1D9009296BE9510034B463 /* DetailInteractor.swift in Sources */ = {isa = PBXBuildFile; fileRef = 4C1D9008296BE9510034B463 /* DetailInteractor.swift */; };
		4C1D900B296BEB3C0034B463 /* DetailViewModel.swift in Sources */ = {isa = PBXBuildFile; fileRef = 4C1D900A296BEB3C0034B463 /* DetailViewModel.swift */; };
		4C1D900F296C8BF00034B463 /* LoadingView.swift in Sources */ = {isa = PBXBuildFile; fileRef = 4C1D900E296C8BF00034B463 /* LoadingView.swift */; };
		4C1D9011296C92060034B463 /* UserDao.swift in Sources */ = {isa = PBXBuildFile; fileRef = 4C1D9010296C92050034B463 /* UserDao.swift */; };
		4C1D9013296CBFED0034B463 /* Constants.swift in Sources */ = {isa = PBXBuildFile; fileRef = 4C1D9012296CBFED0034B463 /* Constants.swift */; };
		4CB9B33E296B2B4D008448FF /* prueba_ceibaApp.swift in Sources */ = {isa = PBXBuildFile; fileRef = 4CB9B33D296B2B4D008448FF /* prueba_ceibaApp.swift */; };
		4CB9B340296B2B4D008448FF /* Persistence.swift in Sources */ = {isa = PBXBuildFile; fileRef = 4CB9B33F296B2B4D008448FF /* Persistence.swift */; };
		4CB9B343296B2B4D008448FF /* prueba_ceiba.xcdatamodeld in Sources */ = {isa = PBXBuildFile; fileRef = 4CB9B341296B2B4D008448FF /* prueba_ceiba.xcdatamodeld */; };
		4CB9B345296B2B4D008448FF /* ContentView.swift in Sources */ = {isa = PBXBuildFile; fileRef = 4CB9B344296B2B4D008448FF /* ContentView.swift */; };
		4CB9B347296B2B50008448FF /* Assets.xcassets in Resources */ = {isa = PBXBuildFile; fileRef = 4CB9B346296B2B50008448FF /* Assets.xcassets */; };
		4CB9B34B296B2B50008448FF /* Preview Assets.xcassets in Resources */ = {isa = PBXBuildFile; fileRef = 4CB9B34A296B2B50008448FF /* Preview Assets.xcassets */; };
		4CB9B35F296B2B50008448FF /* prueba_ceibaUITests.swift in Sources */ = {isa = PBXBuildFile; fileRef = 4CB9B35E296B2B50008448FF /* prueba_ceibaUITests.swift */; };
		4CB9B361296B2B50008448FF /* prueba_ceibaUITestsLaunchTests.swift in Sources */ = {isa = PBXBuildFile; fileRef = 4CB9B360296B2B50008448FF /* prueba_ceibaUITestsLaunchTests.swift */; };
		4CB9B379296BB9C4008448FF /* HomeView.swift in Sources */ = {isa = PBXBuildFile; fileRef = 4CB9B378296BB9C4008448FF /* HomeView.swift */; };
		4CB9B37B296BB9F1008448FF /* ItemUserView.swift in Sources */ = {isa = PBXBuildFile; fileRef = 4CB9B37A296BB9F1008448FF /* ItemUserView.swift */; };
		4CB9B37F296BC263008448FF /* HomeInteractor.swift in Sources */ = {isa = PBXBuildFile; fileRef = 4CB9B37E296BC263008448FF /* HomeInteractor.swift */; };
		4CB9B381296BC62D008448FF /* UserModel.swift in Sources */ = {isa = PBXBuildFile; fileRef = 4CB9B380296BC62D008448FF /* UserModel.swift */; };
		4CB9B384296BC892008448FF /* GetUsers.swift in Sources */ = {isa = PBXBuildFile; fileRef = 4CB9B383296BC892008448FF /* GetUsers.swift */; };
		4CB9B386296BC9DC008448FF /* GetUserResponse.swift in Sources */ = {isa = PBXBuildFile; fileRef = 4CB9B385296BC9DC008448FF /* GetUserResponse.swift */; };
		4CB9B388296BD2D7008448FF /* prueba_ceibaTests.swift in Sources */ = {isa = PBXBuildFile; fileRef = 4CB9B354296B2B50008448FF /* prueba_ceibaTests.swift */; };
		4CB9B38B296BD321008448FF /* UserRepository.swift in Sources */ = {isa = PBXBuildFile; fileRef = 4CB9B38A296BD321008448FF /* UserRepository.swift */; };
		4CB9B38D296BD447008448FF /* HomeViewModel.swift in Sources */ = {isa = PBXBuildFile; fileRef = 4CB9B38C296BD447008448FF /* HomeViewModel.swift */; };
		7776F56AC12D5D7F8846A8CF /* Pods_prueba_ceibaTests.framework in Frameworks */ = {isa = PBXBuildFile; fileRef = F0EDDA7FE2671931050C2135 /* Pods_prueba_ceibaTests.framework */; };
/* End PBXBuildFile section */

/* Begin PBXContainerItemProxy section */
		4CB9B351296B2B50008448FF /* PBXContainerItemProxy */ = {
			isa = PBXContainerItemProxy;
			containerPortal = 4CB9B332296B2B4D008448FF /* Project object */;
			proxyType = 1;
			remoteGlobalIDString = 4CB9B339296B2B4D008448FF;
			remoteInfo = prueba_ceiba;
		};
		4CB9B35B296B2B50008448FF /* PBXContainerItemProxy */ = {
			isa = PBXContainerItemProxy;
			containerPortal = 4CB9B332296B2B4D008448FF /* Project object */;
			proxyType = 1;
			remoteGlobalIDString = 4CB9B339296B2B4D008448FF;
			remoteInfo = prueba_ceiba;
		};
/* End PBXContainerItemProxy section */

/* Begin PBXFileReference section */
		0BDA1434603079DE907C369A /* Pods_prueba_ceiba_prueba_ceibaUITests.framework */ = {isa = PBXFileReference; explicitFileType = wrapper.framework; includeInIndex = 0; path = Pods_prueba_ceiba_prueba_ceibaUITests.framework; sourceTree = BUILT_PRODUCTS_DIR; };
		4C1D8FFB296BE47D0034B463 /* DetailView.swift */ = {isa = PBXFileReference; lastKnownFileType = sourcecode.swift; path = DetailView.swift; sourceTree = "<group>"; };
		4C1D8FFD296BE55A0034B463 /* ItemPostView.swift */ = {isa = PBXFileReference; lastKnownFileType = sourcecode.swift; path = ItemPostView.swift; sourceTree = "<group>"; };
		4C1D8FFF296BE5C60034B463 /* PostModel.swift */ = {isa = PBXFileReference; lastKnownFileType = sourcecode.swift; path = PostModel.swift; sourceTree = "<group>"; };
		4C1D9002296BE6010034B463 /* GetPostsRequest.swift */ = {isa = PBXFileReference; lastKnownFileType = sourcecode.swift; path = GetPostsRequest.swift; sourceTree = "<group>"; };
		4C1D9004296BE6330034B463 /* GetPostResponse.swift */ = {isa = PBXFileReference; lastKnownFileType = sourcecode.swift; path = GetPostResponse.swift; sourceTree = "<group>"; };
		4C1D9006296BE7F20034B463 /* PostRepository.swift */ = {isa = PBXFileReference; lastKnownFileType = sourcecode.swift; path = PostRepository.swift; sourceTree = "<group>"; };
		4C1D9008296BE9510034B463 /* DetailInteractor.swift */ = {isa = PBXFileReference; lastKnownFileType = sourcecode.swift; path = DetailInteractor.swift; sourceTree = "<group>"; };
		4C1D900A296BEB3C0034B463 /* DetailViewModel.swift */ = {isa = PBXFileReference; lastKnownFileType = sourcecode.swift; path = DetailViewModel.swift; sourceTree = "<group>"; };
		4C1D900E296C8BF00034B463 /* LoadingView.swift */ = {isa = PBXFileReference; lastKnownFileType = sourcecode.swift; path = LoadingView.swift; sourceTree = "<group>"; };
		4C1D9010296C92050034B463 /* UserDao.swift */ = {isa = PBXFileReference; lastKnownFileType = sourcecode.swift; path = UserDao.swift; sourceTree = "<group>"; };
		4C1D9012296CBFED0034B463 /* Constants.swift */ = {isa = PBXFileReference; lastKnownFileType = sourcecode.swift; path = Constants.swift; sourceTree = "<group>"; };
		4CB9B33A296B2B4D008448FF /* prueba_ceiba.app */ = {isa = PBXFileReference; explicitFileType = wrapper.application; includeInIndex = 0; path = prueba_ceiba.app; sourceTree = BUILT_PRODUCTS_DIR; };
		4CB9B33D296B2B4D008448FF /* prueba_ceibaApp.swift */ = {isa = PBXFileReference; lastKnownFileType = sourcecode.swift; path = prueba_ceibaApp.swift; sourceTree = "<group>"; };
		4CB9B33F296B2B4D008448FF /* Persistence.swift */ = {isa = PBXFileReference; lastKnownFileType = sourcecode.swift; path = Persistence.swift; sourceTree = "<group>"; };
		4CB9B342296B2B4D008448FF /* prueba_ceiba.xcdatamodel */ = {isa = PBXFileReference; lastKnownFileType = wrapper.xcdatamodel; path = prueba_ceiba.xcdatamodel; sourceTree = "<group>"; };
		4CB9B344296B2B4D008448FF /* ContentView.swift */ = {isa = PBXFileReference; lastKnownFileType = sourcecode.swift; path = ContentView.swift; sourceTree = "<group>"; };
		4CB9B346296B2B50008448FF /* Assets.xcassets */ = {isa = PBXFileReference; lastKnownFileType = folder.assetcatalog; path = Assets.xcassets; sourceTree = "<group>"; };
		4CB9B348296B2B50008448FF /* prueba_ceiba.entitlements */ = {isa = PBXFileReference; lastKnownFileType = text.plist.entitlements; path = prueba_ceiba.entitlements; sourceTree = "<group>"; };
		4CB9B34A296B2B50008448FF /* Preview Assets.xcassets */ = {isa = PBXFileReference; lastKnownFileType = folder.assetcatalog; path = "Preview Assets.xcassets"; sourceTree = "<group>"; };
		4CB9B350296B2B50008448FF /* prueba_ceibaTests.xctest */ = {isa = PBXFileReference; explicitFileType = wrapper.cfbundle; includeInIndex = 0; path = prueba_ceibaTests.xctest; sourceTree = BUILT_PRODUCTS_DIR; };
		4CB9B354296B2B50008448FF /* prueba_ceibaTests.swift */ = {isa = PBXFileReference; lastKnownFileType = sourcecode.swift; path = prueba_ceibaTests.swift; sourceTree = "<group>"; };
		4CB9B35A296B2B50008448FF /* prueba_ceibaUITests.xctest */ = {isa = PBXFileReference; explicitFileType = wrapper.cfbundle; includeInIndex = 0; path = prueba_ceibaUITests.xctest; sourceTree = BUILT_PRODUCTS_DIR; };
		4CB9B35E296B2B50008448FF /* prueba_ceibaUITests.swift */ = {isa = PBXFileReference; lastKnownFileType = sourcecode.swift; path = prueba_ceibaUITests.swift; sourceTree = "<group>"; };
		4CB9B360296B2B50008448FF /* prueba_ceibaUITestsLaunchTests.swift */ = {isa = PBXFileReference; lastKnownFileType = sourcecode.swift; path = prueba_ceibaUITestsLaunchTests.swift; sourceTree = "<group>"; };
		4CB9B378296BB9C4008448FF /* HomeView.swift */ = {isa = PBXFileReference; lastKnownFileType = sourcecode.swift; path = HomeView.swift; sourceTree = "<group>"; };
		4CB9B37A296BB9F1008448FF /* ItemUserView.swift */ = {isa = PBXFileReference; lastKnownFileType = sourcecode.swift; path = ItemUserView.swift; sourceTree = "<group>"; };
		4CB9B37E296BC263008448FF /* HomeInteractor.swift */ = {isa = PBXFileReference; lastKnownFileType = sourcecode.swift; path = HomeInteractor.swift; sourceTree = "<group>"; };
		4CB9B380296BC62D008448FF /* UserModel.swift */ = {isa = PBXFileReference; lastKnownFileType = sourcecode.swift; path = UserModel.swift; sourceTree = "<group>"; };
		4CB9B383296BC892008448FF /* GetUsers.swift */ = {isa = PBXFileReference; lastKnownFileType = sourcecode.swift; path = GetUsers.swift; sourceTree = "<group>"; };
		4CB9B385296BC9DC008448FF /* GetUserResponse.swift */ = {isa = PBXFileReference; lastKnownFileType = sourcecode.swift; path = GetUserResponse.swift; sourceTree = "<group>"; };
		4CB9B38A296BD321008448FF /* UserRepository.swift */ = {isa = PBXFileReference; lastKnownFileType = sourcecode.swift; path = UserRepository.swift; sourceTree = "<group>"; };
		4CB9B38C296BD447008448FF /* HomeViewModel.swift */ = {isa = PBXFileReference; lastKnownFileType = sourcecode.swift; path = HomeViewModel.swift; sourceTree = "<group>"; };
		71F6DAFC1E1E7D98A7BD66C8 /* Pods-prueba_ceiba-prueba_ceibaUITests.debug.xcconfig */ = {isa = PBXFileReference; includeInIndex = 1; lastKnownFileType = text.xcconfig; name = "Pods-prueba_ceiba-prueba_ceibaUITests.debug.xcconfig"; path = "Target Support Files/Pods-prueba_ceiba-prueba_ceibaUITests/Pods-prueba_ceiba-prueba_ceibaUITests.debug.xcconfig"; sourceTree = "<group>"; };
		73699EDE16B45498FD40EEEF /* Pods-prueba_ceiba.debug.xcconfig */ = {isa = PBXFileReference; includeInIndex = 1; lastKnownFileType = text.xcconfig; name = "Pods-prueba_ceiba.debug.xcconfig"; path = "Target Support Files/Pods-prueba_ceiba/Pods-prueba_ceiba.debug.xcconfig"; sourceTree = "<group>"; };
		7E736467E08D667A5FE3BDED /* Pods-prueba_ceibaTests.debug.xcconfig */ = {isa = PBXFileReference; includeInIndex = 1; lastKnownFileType = text.xcconfig; name = "Pods-prueba_ceibaTests.debug.xcconfig"; path = "Target Support Files/Pods-prueba_ceibaTests/Pods-prueba_ceibaTests.debug.xcconfig"; sourceTree = "<group>"; };
		8ECF5FAEFA6F573057593596 /* Pods-prueba_ceibaTests.release.xcconfig */ = {isa = PBXFileReference; includeInIndex = 1; lastKnownFileType = text.xcconfig; name = "Pods-prueba_ceibaTests.release.xcconfig"; path = "Target Support Files/Pods-prueba_ceibaTests/Pods-prueba_ceibaTests.release.xcconfig"; sourceTree = "<group>"; };
		C19D8B4A08347C5E347226F5 /* Pods_prueba_ceiba.framework */ = {isa = PBXFileReference; explicitFileType = wrapper.framework; includeInIndex = 0; path = Pods_prueba_ceiba.framework; sourceTree = BUILT_PRODUCTS_DIR; };
		C7E2150D38EFFEA28D4163F6 /* Pods-prueba_ceiba-prueba_ceibaUITests.release.xcconfig */ = {isa = PBXFileReference; includeInIndex = 1; lastKnownFileType = text.xcconfig; name = "Pods-prueba_ceiba-prueba_ceibaUITests.release.xcconfig"; path = "Target Support Files/Pods-prueba_ceiba-prueba_ceibaUITests/Pods-prueba_ceiba-prueba_ceibaUITests.release.xcconfig"; sourceTree = "<group>"; };
		E6B7790E1DA4C194144EF94B /* Pods-prueba_ceiba.release.xcconfig */ = {isa = PBXFileReference; includeInIndex = 1; lastKnownFileType = text.xcconfig; name = "Pods-prueba_ceiba.release.xcconfig"; path = "Target Support Files/Pods-prueba_ceiba/Pods-prueba_ceiba.release.xcconfig"; sourceTree = "<group>"; };
		F0EDDA7FE2671931050C2135 /* Pods_prueba_ceibaTests.framework */ = {isa = PBXFileReference; explicitFileType = wrapper.framework; includeInIndex = 0; path = Pods_prueba_ceibaTests.framework; sourceTree = BUILT_PRODUCTS_DIR; };
/* End PBXFileReference section */

/* Begin PBXFrameworksBuildPhase section */
		4CB9B337296B2B4D008448FF /* Frameworks */ = {
			isa = PBXFrameworksBuildPhase;
			buildActionMask = 2147483647;
			files = (
				050367B03176794C7B68C888 /* Pods_prueba_ceiba.framework in Frameworks */,
			);
			runOnlyForDeploymentPostprocessing = 0;
		};
		4CB9B34D296B2B50008448FF /* Frameworks */ = {
			isa = PBXFrameworksBuildPhase;
			buildActionMask = 2147483647;
			files = (
				7776F56AC12D5D7F8846A8CF /* Pods_prueba_ceibaTests.framework in Frameworks */,
			);
			runOnlyForDeploymentPostprocessing = 0;
		};
		4CB9B357296B2B50008448FF /* Frameworks */ = {
			isa = PBXFrameworksBuildPhase;
			buildActionMask = 2147483647;
			files = (
				014A98B58EB3CC15CF589D2B /* Pods_prueba_ceiba_prueba_ceibaUITests.framework in Frameworks */,
			);
			runOnlyForDeploymentPostprocessing = 0;
		};
/* End PBXFrameworksBuildPhase section */

/* Begin PBXGroup section */
		3BEB137D57F991352CDFBE3A /* Frameworks */ = {
			isa = PBXGroup;
			children = (
				C19D8B4A08347C5E347226F5 /* Pods_prueba_ceiba.framework */,
				0BDA1434603079DE907C369A /* Pods_prueba_ceiba_prueba_ceibaUITests.framework */,
				F0EDDA7FE2671931050C2135 /* Pods_prueba_ceibaTests.framework */,
			);
			name = Frameworks;
			sourceTree = "<group>";
		};
		4C1D8FFA296BE4650034B463 /* Detail */ = {
			isa = PBXGroup;
			children = (
				4C1D8FFB296BE47D0034B463 /* DetailView.swift */,
				4C1D9008296BE9510034B463 /* DetailInteractor.swift */,
				4C1D900A296BEB3C0034B463 /* DetailViewModel.swift */,
			);
			path = Detail;
			sourceTree = "<group>";
		};
		4C1D9001296BE5EA0034B463 /* Posts */ = {
			isa = PBXGroup;
			children = (
				4C1D9002296BE6010034B463 /* GetPostsRequest.swift */,
				4C1D9004296BE6330034B463 /* GetPostResponse.swift */,
			);
			path = Posts;
			sourceTree = "<group>";
		};
		4CB9B331296B2B4D008448FF = {
			isa = PBXGroup;
			children = (
				4CB9B33C296B2B4D008448FF /* prueba_ceiba */,
				4CB9B353296B2B50008448FF /* prueba_ceibaTests */,
				4CB9B35D296B2B50008448FF /* prueba_ceibaUITests */,
				4CB9B33B296B2B4D008448FF /* Products */,
				726991F3F4DED77C466FB0D4 /* Pods */,
				3BEB137D57F991352CDFBE3A /* Frameworks */,
			);
			sourceTree = "<group>";
		};
		4CB9B33B296B2B4D008448FF /* Products */ = {
			isa = PBXGroup;
			children = (
				4CB9B33A296B2B4D008448FF /* prueba_ceiba.app */,
				4CB9B350296B2B50008448FF /* prueba_ceibaTests.xctest */,
				4CB9B35A296B2B50008448FF /* prueba_ceibaUITests.xctest */,
			);
			name = Products;
			sourceTree = "<group>";
		};
		4CB9B33C296B2B4D008448FF /* prueba_ceiba */ = {
			isa = PBXGroup;
			children = (
				4CB9B370296B322C008448FF /* Utils */,
				4CB9B36F296B3200008448FF /* Ui */,
				4CB9B36E296B31F0008448FF /* Domain */,
				4CB9B36D296B31E0008448FF /* Data */,
				4CB9B33D296B2B4D008448FF /* prueba_ceibaApp.swift */,
				4CB9B33F296B2B4D008448FF /* Persistence.swift */,
				4CB9B344296B2B4D008448FF /* ContentView.swift */,
				4CB9B346296B2B50008448FF /* Assets.xcassets */,
				4CB9B348296B2B50008448FF /* prueba_ceiba.entitlements */,
				4CB9B341296B2B4D008448FF /* prueba_ceiba.xcdatamodeld */,
				4CB9B349296B2B50008448FF /* Preview Content */,
			);
			path = prueba_ceiba;
			sourceTree = "<group>";
		};
		4CB9B349296B2B50008448FF /* Preview Content */ = {
			isa = PBXGroup;
			children = (
				4CB9B34A296B2B50008448FF /* Preview Assets.xcassets */,
			);
			path = "Preview Content";
			sourceTree = "<group>";
		};
		4CB9B353296B2B50008448FF /* prueba_ceibaTests */ = {
			isa = PBXGroup;
			children = (
				4CB9B354296B2B50008448FF /* prueba_ceibaTests.swift */,
			);
			path = prueba_ceibaTests;
			sourceTree = "<group>";
		};
		4CB9B35D296B2B50008448FF /* prueba_ceibaUITests */ = {
			isa = PBXGroup;
			children = (
				4CB9B35E296B2B50008448FF /* prueba_ceibaUITests.swift */,
				4CB9B360296B2B50008448FF /* prueba_ceibaUITestsLaunchTests.swift */,
			);
			path = prueba_ceibaUITests;
			sourceTree = "<group>";
		};
		4CB9B36D296B31E0008448FF /* Data */ = {
			isa = PBXGroup;
			children = (
				4CB9B374296B334E008448FF /* Models */,
				4CB9B373296B3348008448FF /* Daos */,
				4CB9B372296B3331008448FF /* Repositories */,
				4CB9B371296B3320008448FF /* Apis */,
			);
			path = Data;
			sourceTree = "<group>";
		};
		4CB9B36E296B31F0008448FF /* Domain */ = {
			isa = PBXGroup;
			children = (
			);
			path = Domain;
			sourceTree = "<group>";
		};
		4CB9B36F296B3200008448FF /* Ui */ = {
			isa = PBXGroup;
			children = (
				4CB9B377296B33A7008448FF /* Navigation */,
				4CB9B376296B339E008448FF /* Views */,
				4CB9B375296B3383008448FF /* Components */,
			);
			path = Ui;
			sourceTree = "<group>";
		};
		4CB9B370296B322C008448FF /* Utils */ = {
			isa = PBXGroup;
			children = (
				4C1D9012296CBFED0034B463 /* Constants.swift */,
			);
			path = Utils;
			sourceTree = "<group>";
		};
		4CB9B371296B3320008448FF /* Apis */ = {
			isa = PBXGroup;
			children = (
				4C1D9001296BE5EA0034B463 /* Posts */,
				4CB9B382296BC879008448FF /* Users */,
			);
			path = Apis;
			sourceTree = "<group>";
		};
		4CB9B372296B3331008448FF /* Repositories */ = {
			isa = PBXGroup;
			children = (
				4CB9B38A296BD321008448FF /* UserRepository.swift */,
				4C1D9006296BE7F20034B463 /* PostRepository.swift */,
			);
			path = Repositories;
			sourceTree = "<group>";
		};
		4CB9B373296B3348008448FF /* Daos */ = {
			isa = PBXGroup;
			children = (
				4C1D9010296C92050034B463 /* UserDao.swift */,
			);
			path = Daos;
			sourceTree = "<group>";
		};
		4CB9B374296B334E008448FF /* Models */ = {
			isa = PBXGroup;
			children = (
				4CB9B380296BC62D008448FF /* UserModel.swift */,
				4C1D8FFF296BE5C60034B463 /* PostModel.swift */,
			);
			path = Models;
			sourceTree = "<group>";
		};
		4CB9B375296B3383008448FF /* Components */ = {
			isa = PBXGroup;
			children = (
				4CB9B37A296BB9F1008448FF /* ItemUserView.swift */,
				4C1D8FFD296BE55A0034B463 /* ItemPostView.swift */,
				4C1D900E296C8BF00034B463 /* LoadingView.swift */,
			);
			path = Components;
			sourceTree = "<group>";
		};
		4CB9B376296B339E008448FF /* Views */ = {
			isa = PBXGroup;
			children = (
				4C1D8FFA296BE4650034B463 /* Detail */,
				4CB9B37C296BC13E008448FF /* Home */,
			);
			path = Views;
			sourceTree = "<group>";
		};
		4CB9B377296B33A7008448FF /* Navigation */ = {
			isa = PBXGroup;
			children = (
			);
			path = Navigation;
			sourceTree = "<group>";
		};
		4CB9B37C296BC13E008448FF /* Home */ = {
			isa = PBXGroup;
			children = (
				4CB9B378296BB9C4008448FF /* HomeView.swift */,
				4CB9B38C296BD447008448FF /* HomeViewModel.swift */,
				4CB9B37E296BC263008448FF /* HomeInteractor.swift */,
			);
			path = Home;
			sourceTree = "<group>";
		};
		4CB9B382296BC879008448FF /* Users */ = {
			isa = PBXGroup;
			children = (
				4CB9B383296BC892008448FF /* GetUsers.swift */,
				4CB9B385296BC9DC008448FF /* GetUserResponse.swift */,
			);
			path = Users;
			sourceTree = "<group>";
		};
		726991F3F4DED77C466FB0D4 /* Pods */ = {
			isa = PBXGroup;
			children = (
				73699EDE16B45498FD40EEEF /* Pods-prueba_ceiba.debug.xcconfig */,
				E6B7790E1DA4C194144EF94B /* Pods-prueba_ceiba.release.xcconfig */,
				71F6DAFC1E1E7D98A7BD66C8 /* Pods-prueba_ceiba-prueba_ceibaUITests.debug.xcconfig */,
				C7E2150D38EFFEA28D4163F6 /* Pods-prueba_ceiba-prueba_ceibaUITests.release.xcconfig */,
				7E736467E08D667A5FE3BDED /* Pods-prueba_ceibaTests.debug.xcconfig */,
				8ECF5FAEFA6F573057593596 /* Pods-prueba_ceibaTests.release.xcconfig */,
			);
			path = Pods;
			sourceTree = "<group>";
		};
/* End PBXGroup section */

/* Begin PBXNativeTarget section */
		4CB9B339296B2B4D008448FF /* prueba_ceiba */ = {
			isa = PBXNativeTarget;
			buildConfigurationList = 4CB9B364296B2B50008448FF /* Build configuration list for PBXNativeTarget "prueba_ceiba" */;
			buildPhases = (
				9CE592A24874E2A30C019E29 /* [CP] Check Pods Manifest.lock */,
				4CB9B336296B2B4D008448FF /* Sources */,
				4CB9B337296B2B4D008448FF /* Frameworks */,
				4CB9B338296B2B4D008448FF /* Resources */,
				49971CAC39DE83938E9761F8 /* [CP] Embed Pods Frameworks */,
			);
			buildRules = (
			);
			dependencies = (
			);
			name = prueba_ceiba;
			productName = prueba_ceiba;
			productReference = 4CB9B33A296B2B4D008448FF /* prueba_ceiba.app */;
			productType = "com.apple.product-type.application";
		};
		4CB9B34F296B2B50008448FF /* prueba_ceibaTests */ = {
			isa = PBXNativeTarget;
			buildConfigurationList = 4CB9B367296B2B50008448FF /* Build configuration list for PBXNativeTarget "prueba_ceibaTests" */;
			buildPhases = (
				31468E5F543C028227670D6C /* [CP] Check Pods Manifest.lock */,
				4CB9B34C296B2B50008448FF /* Sources */,
				4CB9B34D296B2B50008448FF /* Frameworks */,
				4CB9B34E296B2B50008448FF /* Resources */,
			);
			buildRules = (
			);
			dependencies = (
				4CB9B352296B2B50008448FF /* PBXTargetDependency */,
			);
			name = prueba_ceibaTests;
			productName = prueba_ceibaTests;
			productReference = 4CB9B350296B2B50008448FF /* prueba_ceibaTests.xctest */;
			productType = "com.apple.product-type.bundle.unit-test";
		};
		4CB9B359296B2B50008448FF /* prueba_ceibaUITests */ = {
			isa = PBXNativeTarget;
			buildConfigurationList = 4CB9B36A296B2B50008448FF /* Build configuration list for PBXNativeTarget "prueba_ceibaUITests" */;
			buildPhases = (
				EE8AB42F53CC263EE7F4AA3D /* [CP] Check Pods Manifest.lock */,
				4CB9B356296B2B50008448FF /* Sources */,
				4CB9B357296B2B50008448FF /* Frameworks */,
				4CB9B358296B2B50008448FF /* Resources */,
				7CDEB879D8A514EF4461AFCE /* [CP] Embed Pods Frameworks */,
			);
			buildRules = (
			);
			dependencies = (
				4CB9B35C296B2B50008448FF /* PBXTargetDependency */,
			);
			name = prueba_ceibaUITests;
			productName = prueba_ceibaUITests;
			productReference = 4CB9B35A296B2B50008448FF /* prueba_ceibaUITests.xctest */;
			productType = "com.apple.product-type.bundle.ui-testing";
		};
/* End PBXNativeTarget section */

/* Begin PBXProject section */
		4CB9B332296B2B4D008448FF /* Project object */ = {
			isa = PBXProject;
			attributes = {
				BuildIndependentTargetsInParallel = 1;
				LastSwiftUpdateCheck = 1420;
				LastUpgradeCheck = 1420;
				TargetAttributes = {
					4CB9B339296B2B4D008448FF = {
						CreatedOnToolsVersion = 14.2;
					};
					4CB9B34F296B2B50008448FF = {
						CreatedOnToolsVersion = 14.2;
						TestTargetID = 4CB9B339296B2B4D008448FF;
					};
					4CB9B359296B2B50008448FF = {
						CreatedOnToolsVersion = 14.2;
						TestTargetID = 4CB9B339296B2B4D008448FF;
					};
				};
			};
			buildConfigurationList = 4CB9B335296B2B4D008448FF /* Build configuration list for PBXProject "prueba_ceiba" */;
			compatibilityVersion = "Xcode 14.0";
			developmentRegion = en;
			hasScannedForEncodings = 0;
			knownRegions = (
				en,
				Base,
			);
			mainGroup = 4CB9B331296B2B4D008448FF;
			productRefGroup = 4CB9B33B296B2B4D008448FF /* Products */;
			projectDirPath = "";
			projectRoot = "";
			targets = (
				4CB9B339296B2B4D008448FF /* prueba_ceiba */,
				4CB9B34F296B2B50008448FF /* prueba_ceibaTests */,
				4CB9B359296B2B50008448FF /* prueba_ceibaUITests */,
			);
		};
/* End PBXProject section */

/* Begin PBXResourcesBuildPhase section */
		4CB9B338296B2B4D008448FF /* Resources */ = {
			isa = PBXResourcesBuildPhase;
			buildActionMask = 2147483647;
			files = (
				4CB9B34B296B2B50008448FF /* Preview Assets.xcassets in Resources */,
				4CB9B347296B2B50008448FF /* Assets.xcassets in Resources */,
			);
			runOnlyForDeploymentPostprocessing = 0;
		};
		4CB9B34E296B2B50008448FF /* Resources */ = {
			isa = PBXResourcesBuildPhase;
			buildActionMask = 2147483647;
			files = (
			);
			runOnlyForDeploymentPostprocessing = 0;
		};
		4CB9B358296B2B50008448FF /* Resources */ = {
			isa = PBXResourcesBuildPhase;
			buildActionMask = 2147483647;
			files = (
			);
			runOnlyForDeploymentPostprocessing = 0;
		};
/* End PBXResourcesBuildPhase section */

/* Begin PBXShellScriptBuildPhase section */
		31468E5F543C028227670D6C /* [CP] Check Pods Manifest.lock */ = {
			isa = PBXShellScriptBuildPhase;
			buildActionMask = 2147483647;
			files = (
			);
			inputFileListPaths = (
			);
			inputPaths = (
				"${PODS_PODFILE_DIR_PATH}/Podfile.lock",
				"${PODS_ROOT}/Manifest.lock",
			);
			name = "[CP] Check Pods Manifest.lock";
			outputFileListPaths = (
			);
			outputPaths = (
				"$(DERIVED_FILE_DIR)/Pods-prueba_ceibaTests-checkManifestLockResult.txt",
			);
			runOnlyForDeploymentPostprocessing = 0;
			shellPath = /bin/sh;
			shellScript = "diff \"${PODS_PODFILE_DIR_PATH}/Podfile.lock\" \"${PODS_ROOT}/Manifest.lock\" > /dev/null\nif [ $? != 0 ] ; then\n    # print error to STDERR\n    echo \"error: The sandbox is not in sync with the Podfile.lock. Run 'pod install' or update your CocoaPods installation.\" >&2\n    exit 1\nfi\n# This output is used by Xcode 'outputs' to avoid re-running this script phase.\necho \"SUCCESS\" > \"${SCRIPT_OUTPUT_FILE_0}\"\n";
			showEnvVarsInLog = 0;
		};
		49971CAC39DE83938E9761F8 /* [CP] Embed Pods Frameworks */ = {
			isa = PBXShellScriptBuildPhase;
			buildActionMask = 2147483647;
			files = (
			);
			inputFileListPaths = (
				"${PODS_ROOT}/Target Support Files/Pods-prueba_ceiba/Pods-prueba_ceiba-frameworks-${CONFIGURATION}-input-files.xcfilelist",
			);
			name = "[CP] Embed Pods Frameworks";
			outputFileListPaths = (
				"${PODS_ROOT}/Target Support Files/Pods-prueba_ceiba/Pods-prueba_ceiba-frameworks-${CONFIGURATION}-output-files.xcfilelist",
			);
			runOnlyForDeploymentPostprocessing = 0;
			shellPath = /bin/sh;
			shellScript = "\"${PODS_ROOT}/Target Support Files/Pods-prueba_ceiba/Pods-prueba_ceiba-frameworks.sh\"\n";
			showEnvVarsInLog = 0;
		};
		7CDEB879D8A514EF4461AFCE /* [CP] Embed Pods Frameworks */ = {
			isa = PBXShellScriptBuildPhase;
			buildActionMask = 2147483647;
			files = (
			);
			inputFileListPaths = (
				"${PODS_ROOT}/Target Support Files/Pods-prueba_ceiba-prueba_ceibaUITests/Pods-prueba_ceiba-prueba_ceibaUITests-frameworks-${CONFIGURATION}-input-files.xcfilelist",
			);
			name = "[CP] Embed Pods Frameworks";
			outputFileListPaths = (
				"${PODS_ROOT}/Target Support Files/Pods-prueba_ceiba-prueba_ceibaUITests/Pods-prueba_ceiba-prueba_ceibaUITests-frameworks-${CONFIGURATION}-output-files.xcfilelist",
			);
			runOnlyForDeploymentPostprocessing = 0;
			shellPath = /bin/sh;
			shellScript = "\"${PODS_ROOT}/Target Support Files/Pods-prueba_ceiba-prueba_ceibaUITests/Pods-prueba_ceiba-prueba_ceibaUITests-frameworks.sh\"\n";
			showEnvVarsInLog = 0;
		};
		9CE592A24874E2A30C019E29 /* [CP] Check Pods Manifest.lock */ = {
			isa = PBXShellScriptBuildPhase;
			buildActionMask = 2147483647;
			files = (
			);
			inputFileListPaths = (
			);
			inputPaths = (
				"${PODS_PODFILE_DIR_PATH}/Podfile.lock",
				"${PODS_ROOT}/Manifest.lock",
			);
			name = "[CP] Check Pods Manifest.lock";
			outputFileListPaths = (
			);
			outputPaths = (
				"$(DERIVED_FILE_DIR)/Pods-prueba_ceiba-checkManifestLockResult.txt",
			);
			runOnlyForDeploymentPostprocessing = 0;
			shellPath = /bin/sh;
			shellScript = "diff \"${PODS_PODFILE_DIR_PATH}/Podfile.lock\" \"${PODS_ROOT}/Manifest.lock\" > /dev/null\nif [ $? != 0 ] ; then\n    # print error to STDERR\n    echo \"error: The sandbox is not in sync with the Podfile.lock. Run 'pod install' or update your CocoaPods installation.\" >&2\n    exit 1\nfi\n# This output is used by Xcode 'outputs' to avoid re-running this script phase.\necho \"SUCCESS\" > \"${SCRIPT_OUTPUT_FILE_0}\"\n";
			showEnvVarsInLog = 0;
		};
		EE8AB42F53CC263EE7F4AA3D /* [CP] Check Pods Manifest.lock */ = {
			isa = PBXShellScriptBuildPhase;
			buildActionMask = 2147483647;
			files = (
			);
			inputFileListPaths = (
			);
			inputPaths = (
				"${PODS_PODFILE_DIR_PATH}/Podfile.lock",
				"${PODS_ROOT}/Manifest.lock",
			);
			name = "[CP] Check Pods Manifest.lock";
			outputFileListPaths = (
			);
			outputPaths = (
				"$(DERIVED_FILE_DIR)/Pods-prueba_ceiba-prueba_ceibaUITests-checkManifestLockResult.txt",
			);
			runOnlyForDeploymentPostprocessing = 0;
			shellPath = /bin/sh;
			shellScript = "diff \"${PODS_PODFILE_DIR_PATH}/Podfile.lock\" \"${PODS_ROOT}/Manifest.lock\" > /dev/null\nif [ $? != 0 ] ; then\n    # print error to STDERR\n    echo \"error: The sandbox is not in sync with the Podfile.lock. Run 'pod install' or update your CocoaPods installation.\" >&2\n    exit 1\nfi\n# This output is used by Xcode 'outputs' to avoid re-running this script phase.\necho \"SUCCESS\" > \"${SCRIPT_OUTPUT_FILE_0}\"\n";
			showEnvVarsInLog = 0;
		};
/* End PBXShellScriptBuildPhase section */

/* Begin PBXSourcesBuildPhase section */
		4CB9B336296B2B4D008448FF /* Sources */ = {
			isa = PBXSourcesBuildPhase;
			buildActionMask = 2147483647;
			files = (
				4CB9B38B296BD321008448FF /* UserRepository.swift in Sources */,
				4C1D9000296BE5C60034B463 /* PostModel.swift in Sources */,
				4C1D9003296BE6010034B463 /* GetPostsRequest.swift in Sources */,
				4C1D900B296BEB3C0034B463 /* DetailViewModel.swift in Sources */,
				4CB9B343296B2B4D008448FF /* prueba_ceiba.xcdatamodeld in Sources */,
				4C1D900F296C8BF00034B463 /* LoadingView.swift in Sources */,
				4C1D9013296CBFED0034B463 /* Constants.swift in Sources */,
				4CB9B384296BC892008448FF /* GetUsers.swift in Sources */,
				4C1D9005296BE6330034B463 /* GetPostResponse.swift in Sources */,
				4CB9B33E296B2B4D008448FF /* prueba_ceibaApp.swift in Sources */,
				4C1D9009296BE9510034B463 /* DetailInteractor.swift in Sources */,
				4C1D9007296BE7F20034B463 /* PostRepository.swift in Sources */,
				4C1D8FFE296BE55A0034B463 /* ItemPostView.swift in Sources */,
				4CB9B381296BC62D008448FF /* UserModel.swift in Sources */,
				4CB9B386296BC9DC008448FF /* GetUserResponse.swift in Sources */,
				4CB9B345296B2B4D008448FF /* ContentView.swift in Sources */,
				4C1D8FFC296BE47D0034B463 /* DetailView.swift in Sources */,
				4CB9B37B296BB9F1008448FF /* ItemUserView.swift in Sources */,
				4CB9B379296BB9C4008448FF /* HomeView.swift in Sources */,
				4CB9B340296B2B4D008448FF /* Persistence.swift in Sources */,
				4CB9B38D296BD447008448FF /* HomeViewModel.swift in Sources */,
				4CB9B37F296BC263008448FF /* HomeInteractor.swift in Sources */,
				4C1D9011296C92060034B463 /* UserDao.swift in Sources */,
			);
			runOnlyForDeploymentPostprocessing = 0;
		};
		4CB9B34C296B2B50008448FF /* Sources */ = {
			isa = PBXSourcesBuildPhase;
			buildActionMask = 2147483647;
			files = (
				4CB9B388296BD2D7008448FF /* prueba_ceibaTests.swift in Sources */,
			);
			runOnlyForDeploymentPostprocessing = 0;
		};
		4CB9B356296B2B50008448FF /* Sources */ = {
			isa = PBXSourcesBuildPhase;
			buildActionMask = 2147483647;
			files = (
				4CB9B361296B2B50008448FF /* prueba_ceibaUITestsLaunchTests.swift in Sources */,
				4CB9B35F296B2B50008448FF /* prueba_ceibaUITests.swift in Sources */,
			);
			runOnlyForDeploymentPostprocessing = 0;
		};
/* End PBXSourcesBuildPhase section */

/* Begin PBXTargetDependency section */
		4CB9B352296B2B50008448FF /* PBXTargetDependency */ = {
			isa = PBXTargetDependency;
			target = 4CB9B339296B2B4D008448FF /* prueba_ceiba */;
			targetProxy = 4CB9B351296B2B50008448FF /* PBXContainerItemProxy */;
		};
		4CB9B35C296B2B50008448FF /* PBXTargetDependency */ = {
			isa = PBXTargetDependency;
			target = 4CB9B339296B2B4D008448FF /* prueba_ceiba */;
			targetProxy = 4CB9B35B296B2B50008448FF /* PBXContainerItemProxy */;
		};
/* End PBXTargetDependency section */

/* Begin XCBuildConfiguration section */
		4CB9B362296B2B50008448FF /* Debug */ = {
			isa = XCBuildConfiguration;
			buildSettings = {
				ALWAYS_SEARCH_USER_PATHS = NO;
				CLANG_ANALYZER_NONNULL = YES;
				CLANG_ANALYZER_NUMBER_OBJECT_CONVERSION = YES_AGGRESSIVE;
				CLANG_CXX_LANGUAGE_STANDARD = "gnu++20";
				CLANG_ENABLE_MODULES = YES;
				CLANG_ENABLE_OBJC_ARC = YES;
				CLANG_ENABLE_OBJC_WEAK = YES;
				CLANG_WARN_BLOCK_CAPTURE_AUTORELEASING = YES;
				CLANG_WARN_BOOL_CONVERSION = YES;
				CLANG_WARN_COMMA = YES;
				CLANG_WARN_CONSTANT_CONVERSION = YES;
				CLANG_WARN_DEPRECATED_OBJC_IMPLEMENTATIONS = YES;
				CLANG_WARN_DIRECT_OBJC_ISA_USAGE = YES_ERROR;
				CLANG_WARN_DOCUMENTATION_COMMENTS = YES;
				CLANG_WARN_EMPTY_BODY = YES;
				CLANG_WARN_ENUM_CONVERSION = YES;
				CLANG_WARN_INFINITE_RECURSION = YES;
				CLANG_WARN_INT_CONVERSION = YES;
				CLANG_WARN_NON_LITERAL_NULL_CONVERSION = YES;
				CLANG_WARN_OBJC_IMPLICIT_RETAIN_SELF = YES;
				CLANG_WARN_OBJC_LITERAL_CONVERSION = YES;
				CLANG_WARN_OBJC_ROOT_CLASS = YES_ERROR;
				CLANG_WARN_QUOTED_INCLUDE_IN_FRAMEWORK_HEADER = YES;
				CLANG_WARN_RANGE_LOOP_ANALYSIS = YES;
				CLANG_WARN_STRICT_PROTOTYPES = YES;
				CLANG_WARN_SUSPICIOUS_MOVE = YES;
				CLANG_WARN_UNGUARDED_AVAILABILITY = YES_AGGRESSIVE;
				CLANG_WARN_UNREACHABLE_CODE = YES;
				CLANG_WARN__DUPLICATE_METHOD_MATCH = YES;
				COPY_PHASE_STRIP = NO;
				DEBUG_INFORMATION_FORMAT = dwarf;
				ENABLE_STRICT_OBJC_MSGSEND = YES;
				ENABLE_TESTABILITY = YES;
				GCC_C_LANGUAGE_STANDARD = gnu11;
				GCC_DYNAMIC_NO_PIC = NO;
				GCC_NO_COMMON_BLOCKS = YES;
				GCC_OPTIMIZATION_LEVEL = 0;
				GCC_PREPROCESSOR_DEFINITIONS = (
					"DEBUG=1",
					"$(inherited)",
				);
				GCC_WARN_64_TO_32_BIT_CONVERSION = YES;
				GCC_WARN_ABOUT_RETURN_TYPE = YES_ERROR;
				GCC_WARN_UNDECLARED_SELECTOR = YES;
				GCC_WARN_UNINITIALIZED_AUTOS = YES_AGGRESSIVE;
				GCC_WARN_UNUSED_FUNCTION = YES;
				GCC_WARN_UNUSED_VARIABLE = YES;
				MTL_ENABLE_DEBUG_INFO = INCLUDE_SOURCE;
				MTL_FAST_MATH = YES;
				ONLY_ACTIVE_ARCH = YES;
				SWIFT_ACTIVE_COMPILATION_CONDITIONS = DEBUG;
				SWIFT_OPTIMIZATION_LEVEL = "-Onone";
			};
			name = Debug;
		};
		4CB9B363296B2B50008448FF /* Release */ = {
			isa = XCBuildConfiguration;
			buildSettings = {
				ALWAYS_SEARCH_USER_PATHS = NO;
				CLANG_ANALYZER_NONNULL = YES;
				CLANG_ANALYZER_NUMBER_OBJECT_CONVERSION = YES_AGGRESSIVE;
				CLANG_CXX_LANGUAGE_STANDARD = "gnu++20";
				CLANG_ENABLE_MODULES = YES;
				CLANG_ENABLE_OBJC_ARC = YES;
				CLANG_ENABLE_OBJC_WEAK = YES;
				CLANG_WARN_BLOCK_CAPTURE_AUTORELEASING = YES;
				CLANG_WARN_BOOL_CONVERSION = YES;
				CLANG_WARN_COMMA = YES;
				CLANG_WARN_CONSTANT_CONVERSION = YES;
				CLANG_WARN_DEPRECATED_OBJC_IMPLEMENTATIONS = YES;
				CLANG_WARN_DIRECT_OBJC_ISA_USAGE = YES_ERROR;
				CLANG_WARN_DOCUMENTATION_COMMENTS = YES;
				CLANG_WARN_EMPTY_BODY = YES;
				CLANG_WARN_ENUM_CONVERSION = YES;
				CLANG_WARN_INFINITE_RECURSION = YES;
				CLANG_WARN_INT_CONVERSION = YES;
				CLANG_WARN_NON_LITERAL_NULL_CONVERSION = YES;
				CLANG_WARN_OBJC_IMPLICIT_RETAIN_SELF = YES;
				CLANG_WARN_OBJC_LITERAL_CONVERSION = YES;
				CLANG_WARN_OBJC_ROOT_CLASS = YES_ERROR;
				CLANG_WARN_QUOTED_INCLUDE_IN_FRAMEWORK_HEADER = YES;
				CLANG_WARN_RANGE_LOOP_ANALYSIS = YES;
				CLANG_WARN_STRICT_PROTOTYPES = YES;
				CLANG_WARN_SUSPICIOUS_MOVE = YES;
				CLANG_WARN_UNGUARDED_AVAILABILITY = YES_AGGRESSIVE;
				CLANG_WARN_UNREACHABLE_CODE = YES;
				CLANG_WARN__DUPLICATE_METHOD_MATCH = YES;
				COPY_PHASE_STRIP = NO;
				DEBUG_INFORMATION_FORMAT = "dwarf-with-dsym";
				ENABLE_NS_ASSERTIONS = NO;
				ENABLE_STRICT_OBJC_MSGSEND = YES;
				GCC_C_LANGUAGE_STANDARD = gnu11;
				GCC_NO_COMMON_BLOCKS = YES;
				GCC_WARN_64_TO_32_BIT_CONVERSION = YES;
				GCC_WARN_ABOUT_RETURN_TYPE = YES_ERROR;
				GCC_WARN_UNDECLARED_SELECTOR = YES;
				GCC_WARN_UNINITIALIZED_AUTOS = YES_AGGRESSIVE;
				GCC_WARN_UNUSED_FUNCTION = YES;
				GCC_WARN_UNUSED_VARIABLE = YES;
				MTL_ENABLE_DEBUG_INFO = NO;
				MTL_FAST_MATH = YES;
				SWIFT_COMPILATION_MODE = wholemodule;
				SWIFT_OPTIMIZATION_LEVEL = "-O";
			};
			name = Release;
		};
		4CB9B365296B2B50008448FF /* Debug */ = {
			isa = XCBuildConfiguration;
			baseConfigurationReference = 73699EDE16B45498FD40EEEF /* Pods-prueba_ceiba.debug.xcconfig */;
			buildSettings = {
				ASSETCATALOG_COMPILER_APPICON_NAME = AppIcon;
				ASSETCATALOG_COMPILER_GLOBAL_ACCENT_COLOR_NAME = AccentColor;
				CODE_SIGN_ENTITLEMENTS = prueba_ceiba/prueba_ceiba.entitlements;
				CODE_SIGN_STYLE = Automatic;
				CURRENT_PROJECT_VERSION = 1;
				DEVELOPMENT_ASSET_PATHS = "\"prueba_ceiba/Preview Content\"";
				DEVELOPMENT_TEAM = 4P5ZWAN2BT;
				ENABLE_HARDENED_RUNTIME = YES;
				ENABLE_PREVIEWS = YES;
				GENERATE_INFOPLIST_FILE = YES;
				"INFOPLIST_KEY_UIApplicationSceneManifest_Generation[sdk=iphoneos*]" = YES;
				"INFOPLIST_KEY_UIApplicationSceneManifest_Generation[sdk=iphonesimulator*]" = YES;
				"INFOPLIST_KEY_UIApplicationSupportsIndirectInputEvents[sdk=iphoneos*]" = YES;
				"INFOPLIST_KEY_UIApplicationSupportsIndirectInputEvents[sdk=iphonesimulator*]" = YES;
				"INFOPLIST_KEY_UILaunchScreen_Generation[sdk=iphoneos*]" = YES;
				"INFOPLIST_KEY_UILaunchScreen_Generation[sdk=iphonesimulator*]" = YES;
				"INFOPLIST_KEY_UIStatusBarStyle[sdk=iphoneos*]" = UIStatusBarStyleDefault;
				"INFOPLIST_KEY_UIStatusBarStyle[sdk=iphonesimulator*]" = UIStatusBarStyleDefault;
				INFOPLIST_KEY_UISupportedInterfaceOrientations_iPad = "UIInterfaceOrientationPortrait UIInterfaceOrientationPortraitUpsideDown UIInterfaceOrientationLandscapeLeft UIInterfaceOrientationLandscapeRight";
				INFOPLIST_KEY_UISupportedInterfaceOrientations_iPhone = "UIInterfaceOrientationPortrait UIInterfaceOrientationLandscapeLeft UIInterfaceOrientationLandscapeRight";
				IPHONEOS_DEPLOYMENT_TARGET = 16.2;
				LD_RUNPATH_SEARCH_PATHS = "@executable_path/Frameworks";
				"LD_RUNPATH_SEARCH_PATHS[sdk=macosx*]" = "@executable_path/../Frameworks";
				MACOSX_DEPLOYMENT_TARGET = 13.0;
				MARKETING_VERSION = 1.0;
				PRODUCT_BUNDLE_IDENTIFIER = "com.pruebas.crush.prueba-ceiba";
				PRODUCT_NAME = "$(TARGET_NAME)";
				SDKROOT = auto;
				SUPPORTED_PLATFORMS = "iphoneos iphonesimulator macosx";
				SWIFT_EMIT_LOC_STRINGS = YES;
				SWIFT_VERSION = 5.0;
				TARGETED_DEVICE_FAMILY = "1,2";
			};
			name = Debug;
		};
		4CB9B366296B2B50008448FF /* Release */ = {
			isa = XCBuildConfiguration;
			baseConfigurationReference = E6B7790E1DA4C194144EF94B /* Pods-prueba_ceiba.release.xcconfig */;
			buildSettings = {
				ASSETCATALOG_COMPILER_APPICON_NAME = AppIcon;
				ASSETCATALOG_COMPILER_GLOBAL_ACCENT_COLOR_NAME = AccentColor;
				CODE_SIGN_ENTITLEMENTS = prueba_ceiba/prueba_ceiba.entitlements;
				CODE_SIGN_STYLE = Automatic;
				CURRENT_PROJECT_VERSION = 1;
				DEVELOPMENT_ASSET_PATHS = "\"prueba_ceiba/Preview Content\"";
				DEVELOPMENT_TEAM = 4P5ZWAN2BT;
				ENABLE_HARDENED_RUNTIME = YES;
				ENABLE_PREVIEWS = YES;
				GENERATE_INFOPLIST_FILE = YES;
				"INFOPLIST_KEY_UIApplicationSceneManifest_Generation[sdk=iphoneos*]" = YES;
				"INFOPLIST_KEY_UIApplicationSceneManifest_Generation[sdk=iphonesimulator*]" = YES;
				"INFOPLIST_KEY_UIApplicationSupportsIndirectInputEvents[sdk=iphoneos*]" = YES;
				"INFOPLIST_KEY_UIApplicationSupportsIndirectInputEvents[sdk=iphonesimulator*]" = YES;
				"INFOPLIST_KEY_UILaunchScreen_Generation[sdk=iphoneos*]" = YES;
				"INFOPLIST_KEY_UILaunchScreen_Generation[sdk=iphonesimulator*]" = YES;
				"INFOPLIST_KEY_UIStatusBarStyle[sdk=iphoneos*]" = UIStatusBarStyleDefault;
				"INFOPLIST_KEY_UIStatusBarStyle[sdk=iphonesimulator*]" = UIStatusBarStyleDefault;
				INFOPLIST_KEY_UISupportedInterfaceOrientations_iPad = "UIInterfaceOrientationPortrait UIInterfaceOrientationPortraitUpsideDown UIInterfaceOrientationLandscapeLeft UIInterfaceOrientationLandscapeRight";
				INFOPLIST_KEY_UISupportedInterfaceOrientations_iPhone = "UIInterfaceOrientationPortrait UIInterfaceOrientationLandscapeLeft UIInterfaceOrientationLandscapeRight";
				IPHONEOS_DEPLOYMENT_TARGET = 16.2;
				LD_RUNPATH_SEARCH_PATHS = "@executable_path/Frameworks";
				"LD_RUNPATH_SEARCH_PATHS[sdk=macosx*]" = "@executable_path/../Frameworks";
				MACOSX_DEPLOYMENT_TARGET = 13.0;
				MARKETING_VERSION = 1.0;
				PRODUCT_BUNDLE_IDENTIFIER = "com.pruebas.crush.prueba-ceiba";
				PRODUCT_NAME = "$(TARGET_NAME)";
				SDKROOT = auto;
				SUPPORTED_PLATFORMS = "iphoneos iphonesimulator macosx";
				SWIFT_EMIT_LOC_STRINGS = YES;
				SWIFT_VERSION = 5.0;
				TARGETED_DEVICE_FAMILY = "1,2";
			};
			name = Release;
		};
		4CB9B368296B2B50008448FF /* Debug */ = {
			isa = XCBuildConfiguration;
			baseConfigurationReference = 7E736467E08D667A5FE3BDED /* Pods-prueba_ceibaTests.debug.xcconfig */;
			buildSettings = {
				ALWAYS_EMBED_SWIFT_STANDARD_LIBRARIES = YES;
				BUNDLE_LOADER = "$(TEST_HOST)";
				CODE_SIGN_STYLE = Automatic;
				CURRENT_PROJECT_VERSION = 1;
				DEVELOPMENT_TEAM = 4P5ZWAN2BT;
				GENERATE_INFOPLIST_FILE = YES;
				IPHONEOS_DEPLOYMENT_TARGET = 16.2;
				MACOSX_DEPLOYMENT_TARGET = 13.0;
				MARKETING_VERSION = 1.0;
				PRODUCT_BUNDLE_IDENTIFIER = "com.pruebas.crush.prueba-ceibaTests";
				PRODUCT_NAME = "$(TARGET_NAME)";
				SDKROOT = auto;
				SUPPORTED_PLATFORMS = "iphoneos iphonesimulator macosx";
				SWIFT_EMIT_LOC_STRINGS = NO;
				SWIFT_VERSION = 5.0;
				TARGETED_DEVICE_FAMILY = "1,2";
				TEST_HOST = "$(BUILT_PRODUCTS_DIR)/prueba_ceiba.app/$(BUNDLE_EXECUTABLE_FOLDER_PATH)/prueba_ceiba";
			};
			name = Debug;
		};
		4CB9B369296B2B50008448FF /* Release */ = {
			isa = XCBuildConfiguration;
			baseConfigurationReference = 8ECF5FAEFA6F573057593596 /* Pods-prueba_ceibaTests.release.xcconfig */;
			buildSettings = {
				ALWAYS_EMBED_SWIFT_STANDARD_LIBRARIES = YES;
				BUNDLE_LOADER = "$(TEST_HOST)";
				CODE_SIGN_STYLE = Automatic;
				CURRENT_PROJECT_VERSION = 1;
				DEVELOPMENT_TEAM = 4P5ZWAN2BT;
				GENERATE_INFOPLIST_FILE = YES;
				IPHONEOS_DEPLOYMENT_TARGET = 16.2;
				MACOSX_DEPLOYMENT_TARGET = 13.0;
				MARKETING_VERSION = 1.0;
				PRODUCT_BUNDLE_IDENTIFIER = "com.pruebas.crush.prueba-ceibaTests";
				PRODUCT_NAME = "$(TARGET_NAME)";
				SDKROOT = auto;
				SUPPORTED_PLATFORMS = "iphoneos iphonesimulator macosx";
				SWIFT_EMIT_LOC_STRINGS = NO;
				SWIFT_VERSION = 5.0;
				TARGETED_DEVICE_FAMILY = "1,2";
				TEST_HOST = "$(BUILT_PRODUCTS_DIR)/prueba_ceiba.app/$(BUNDLE_EXECUTABLE_FOLDER_PATH)/prueba_ceiba";
			};
			name = Release;
		};
		4CB9B36B296B2B50008448FF /* Debug */ = {
			isa = XCBuildConfiguration;
			baseConfigurationReference = 71F6DAFC1E1E7D98A7BD66C8 /* Pods-prueba_ceiba-prueba_ceibaUITests.debug.xcconfig */;
			buildSettings = {
				ALWAYS_EMBED_SWIFT_STANDARD_LIBRARIES = YES;
				CODE_SIGN_STYLE = Automatic;
				CURRENT_PROJECT_VERSION = 1;
				DEVELOPMENT_TEAM = 4P5ZWAN2BT;
				GENERATE_INFOPLIST_FILE = YES;
				IPHONEOS_DEPLOYMENT_TARGET = 16.2;
				MACOSX_DEPLOYMENT_TARGET = 13.0;
				MARKETING_VERSION = 1.0;
				PRODUCT_BUNDLE_IDENTIFIER = "com.pruebas.crush.prueba-ceibaUITests";
				PRODUCT_NAME = "$(TARGET_NAME)";
				SDKROOT = auto;
				SUPPORTED_PLATFORMS = "iphoneos iphonesimulator macosx";
				SWIFT_EMIT_LOC_STRINGS = NO;
				SWIFT_VERSION = 5.0;
				TARGETED_DEVICE_FAMILY = "1,2";
				TEST_TARGET_NAME = prueba_ceiba;
			};
			name = Debug;
		};
		4CB9B36C296B2B50008448FF /* Release */ = {
			isa = XCBuildConfiguration;
			baseConfigurationReference = C7E2150D38EFFEA28D4163F6 /* Pods-prueba_ceiba-prueba_ceibaUITests.release.xcconfig */;
			buildSettings = {
				ALWAYS_EMBED_SWIFT_STANDARD_LIBRARIES = YES;
				CODE_SIGN_STYLE = Automatic;
				CURRENT_PROJECT_VERSION = 1;
				DEVELOPMENT_TEAM = 4P5ZWAN2BT;
				GENERATE_INFOPLIST_FILE = YES;
				IPHONEOS_DEPLOYMENT_TARGET = 16.2;
				MACOSX_DEPLOYMENT_TARGET = 13.0;
				MARKETING_VERSION = 1.0;
				PRODUCT_BUNDLE_IDENTIFIER = "com.pruebas.crush.prueba-ceibaUITests";
				PRODUCT_NAME = "$(TARGET_NAME)";
				SDKROOT = auto;
				SUPPORTED_PLATFORMS = "iphoneos iphonesimulator macosx";
				SWIFT_EMIT_LOC_STRINGS = NO;
				SWIFT_VERSION = 5.0;
				TARGETED_DEVICE_FAMILY = "1,2";
				TEST_TARGET_NAME = prueba_ceiba;
			};
			name = Release;
		};
/* End XCBuildConfiguration section */

/* Begin XCConfigurationList section */
		4CB9B335296B2B4D008448FF /* Build configuration list for PBXProject "prueba_ceiba" */ = {
			isa = XCConfigurationList;
			buildConfigurations = (
				4CB9B362296B2B50008448FF /* Debug */,
				4CB9B363296B2B50008448FF /* Release */,
			);
			defaultConfigurationIsVisible = 0;
			defaultConfigurationName = Release;
		};
		4CB9B364296B2B50008448FF /* Build configuration list for PBXNativeTarget "prueba_ceiba" */ = {
			isa = XCConfigurationList;
			buildConfigurations = (
				4CB9B365296B2B50008448FF /* Debug */,
				4CB9B366296B2B50008448FF /* Release */,
			);
			defaultConfigurationIsVisible = 0;
			defaultConfigurationName = Release;
		};
		4CB9B367296B2B50008448FF /* Build configuration list for PBXNativeTarget "prueba_ceibaTests" */ = {
			isa = XCConfigurationList;
			buildConfigurations = (
				4CB9B368296B2B50008448FF /* Debug */,
				4CB9B369296B2B50008448FF /* Release */,
			);
			defaultConfigurationIsVisible = 0;
			defaultConfigurationName = Release;
		};
		4CB9B36A296B2B50008448FF /* Build configuration list for PBXNativeTarget "prueba_ceibaUITests" */ = {
			isa = XCConfigurationList;
			buildConfigurations = (
				4CB9B36B296B2B50008448FF /* Debug */,
				4CB9B36C296B2B50008448FF /* Release */,
			);
			defaultConfigurationIsVisible = 0;
			defaultConfigurationName = Release;
		};
/* End XCConfigurationList section */

/* Begin XCVersionGroup section */
		4CB9B341296B2B4D008448FF /* prueba_ceiba.xcdatamodeld */ = {
			isa = XCVersionGroup;
			children = (
				4CB9B342296B2B4D008448FF /* prueba_ceiba.xcdatamodel */,
			);
			currentVersion = 4CB9B342296B2B4D008448FF /* prueba_ceiba.xcdatamodel */;
			path = prueba_ceiba.xcdatamodeld;
			sourceTree = "<group>";
			versionGroupType = wrapper.xcdatamodel;
		};
/* End XCVersionGroup section */
	};
	rootObject = 4CB9B332296B2B4D008448FF /* Project object */;
}
